
Microsoft Visual Studio Solution File, Format Version 12.00
# Visual Studio Version 17
VisualStudioVersion = 17.1.32421.90
MinimumVisualStudioVersion = 10.0.40219.1
Project("{9A19103F-16F7-4668-BE54-9A1E7A4F7556}") = "Calculator", "src\Calculator\Calculator.csproj", "{4A21EB16-D4D0-438D-AFE6-1064D5DC52EF}"
EndProject
Project("{9A19103F-16F7-4668-BE54-9A1E7A4F7556}") = "CalculatorTests", "src\CalculatorTests\CalculatorTests.csproj", "{5B109B9E-5355-4308-B067-9F540B5F0746}"
EndProject
Global
	GlobalSection(SolutionConfigurationPlatforms) = preSolution
		Debug|Any CPU = Debug|Any CPU
		Release|Any CPU = Release|Any CPU
	EndGlobalSection
	GlobalSection(ProjectConfigurationPlatforms) = postSolution
		{4A21EB16-D4D0-438D-AFE6-1064D5DC52EF}.Debug|Any CPU.ActiveCfg = Debug|Any CPU
		{4A21EB16-D4D0-438D-AFE6-1064D5DC52EF}.Debug|Any CPU.Build.0 = Debug|Any CPU
		{4A21EB16-D4D0-438D-AFE6-1064D5DC52EF}.Release|Any CPU.ActiveCfg = Release|Any CPU
		{4A21EB16-D4D0-438D-AFE6-1064D5DC52EF}.Release|Any CPU.Build.0 = Release|Any CPU
		{5B109B9E-5355-4308-B067-9F540B5F0746}.Debug|Any CPU.ActiveCfg = Debug|Any CPU
		{5B109B9E-5355-4308-B067-9F540B5F0746}.Debug|Any CPU.Build.0 = Debug|Any CPU
		{5B109B9E-5355-4308-B067-9F540B5F0746}.Release|Any CPU.ActiveCfg = Release|Any CPU
		{5B109B9E-5355-4308-B067-9F540B5F0746}.Release|Any CPU.Build.0 = Release|Any CPU
	EndGlobalSection
	GlobalSection(SolutionProperties) = preSolution
		HideSolutionNode = FALSE
	EndGlobalSection
	GlobalSection(ExtensibilityGlobals) = postSolution
		SolutionGuid = {6FF81353-680A-478F-B433-3FA51A9CADFF}
	EndGlobalSection
EndGlobal
